
Microsoft Visual Studio Solution File, Format Version 12.00
# Visual Studio Version 16
VisualStudioVersion = 16.0.29326.143
MinimumVisualStudioVersion = 10.0.40219.1
Project("{9A19103F-16F7-4668-BE54-9A1E7A4F7556}") = "Smart", "Smart\Smart.csproj", "{DE3C04F3-1B18-4818-A289-4ED233791DAB}"
EndProject
Global
	GlobalSection(SolutionConfigurationPlatforms) = preSolution
		Debug|Any CPU = Debug|Any CPU
		Release|Any CPU = Release|Any CPU
	EndGlobalSection
	GlobalSection(ProjectConfigurationPlatforms) = postSolution
		{DE3C04F3-1B18-4818-A289-4ED233791DAB}.Debug|Any CPU.ActiveCfg = Debug|Any CPU
		{DE3C04F3-1B18-4818-A289-4ED233791DAB}.Debug|Any CPU.Build.0 = Debug|Any CPU
		{DE3C04F3-1B18-4818-A289-4ED233791DAB}.Release|Any CPU.ActiveCfg = Release|Any CPU
		{DE3C04F3-1B18-4818-A289-4ED233791DAB}.Release|Any CPU.Build.0 = Release|Any CPU
	EndGlobalSection
	GlobalSection(SolutionProperties) = preSolution
		HideSolutionNode = FALSE
	EndGlobalSection
	GlobalSection(ExtensibilityGlobals) = postSolution
		SolutionGuid = {E3BB14F0-1F87-4FD4-BA57-C7D6D2513626}
	EndGlobalSection
EndGlobal
